
Microsoft Visual Studio Solution File, Format Version 12.00
# Visual Studio Version 17
VisualStudioVersion = 17.14.36301.6
MinimumVisualStudioVersion = 10.0.40219.1
Project("{FAE04EC0-301F-11D3-BF4B-00C04F79EFBC}") = "WebApiShop", "WepApiShop\WebApiShop.csproj", "{B45E4C85-6460-4D55-A6EE-6AC55673662D}"
EndProject
Project("{FAE04EC0-301F-11D3-BF4B-00C04F79EFBC}") = "Entities", "Entities\Entities.csproj", "{8D40B743-7E12-4D1A-8D99-ED843DAC904F}"
EndProject
Project("{FAE04EC0-301F-11D3-BF4B-00C04F79EFBC}") = "Repository", "Repository\Repository.csproj", "{FCF7EE28-F420-4C8D-BFD4-BE655E9CA7D3}"
EndProject
Project("{FAE04EC0-301F-11D3-BF4B-00C04F79EFBC}") = "Services", "Services\Services.csproj", "{3938BE87-29F1-4FAB-A07B-734AE2C10941}"
EndProject
Project("{FAE04EC0-301F-11D3-BF4B-00C04F79EFBC}") = "DTOs", "DTOs\DTOs.csproj", "{C832A78A-2EA7-49E7-AB5B-E4E2F53999B5}"
EndProject
Project("{FAE04EC0-301F-11D3-BF4B-00C04F79EFBC}") = "TestProject", "TestProject\TestProject.csproj", "{F3141323-5C0C-49AE-8636-A29F61EFEFE7}"
EndProject
Global
	GlobalSection(SolutionConfigurationPlatforms) = preSolution
		Debug|Any CPU = Debug|Any CPU
		Release|Any CPU = Release|Any CPU
	EndGlobalSection
	GlobalSection(ProjectConfigurationPlatforms) = postSolution
		{B45E4C85-6460-4D55-A6EE-6AC55673662D}.Debug|Any CPU.ActiveCfg = Debug|Any CPU
		{B45E4C85-6460-4D55-A6EE-6AC55673662D}.Debug|Any CPU.Build.0 = Debug|Any CPU
		{B45E4C85-6460-4D55-A6EE-6AC55673662D}.Release|Any CPU.ActiveCfg = Release|Any CPU
		{B45E4C85-6460-4D55-A6EE-6AC55673662D}.Release|Any CPU.Build.0 = Release|Any CPU
		{8D40B743-7E12-4D1A-8D99-ED843DAC904F}.Debug|Any CPU.ActiveCfg = Debug|Any CPU
		{8D40B743-7E12-4D1A-8D99-ED843DAC904F}.Debug|Any CPU.Build.0 = Debug|Any CPU
		{8D40B743-7E12-4D1A-8D99-ED843DAC904F}.Release|Any CPU.ActiveCfg = Release|Any CPU
		{8D40B743-7E12-4D1A-8D99-ED843DAC904F}.Release|Any CPU.Build.0 = Release|Any CPU
		{FCF7EE28-F420-4C8D-BFD4-BE655E9CA7D3}.Debug|Any CPU.ActiveCfg = Debug|Any CPU
		{FCF7EE28-F420-4C8D-BFD4-BE655E9CA7D3}.Debug|Any CPU.Build.0 = Debug|Any CPU
		{FCF7EE28-F420-4C8D-BFD4-BE655E9CA7D3}.Release|Any CPU.ActiveCfg = Release|Any CPU
		{FCF7EE28-F420-4C8D-BFD4-BE655E9CA7D3}.Release|Any CPU.Build.0 = Release|Any CPU
		{3938BE87-29F1-4FAB-A07B-734AE2C10941}.Debug|Any CPU.ActiveCfg = Debug|Any CPU
		{3938BE87-29F1-4FAB-A07B-734AE2C10941}.Debug|Any CPU.Build.0 = Debug|Any CPU
		{3938BE87-29F1-4FAB-A07B-734AE2C10941}.Release|Any CPU.ActiveCfg = Release|Any CPU
		{3938BE87-29F1-4FAB-A07B-734AE2C10941}.Release|Any CPU.Build.0 = Release|Any CPU
		{C832A78A-2EA7-49E7-AB5B-E4E2F53999B5}.Debug|Any CPU.ActiveCfg = Debug|Any CPU
		{C832A78A-2EA7-49E7-AB5B-E4E2F53999B5}.Debug|Any CPU.Build.0 = Debug|Any CPU
		{C832A78A-2EA7-49E7-AB5B-E4E2F53999B5}.Release|Any CPU.ActiveCfg = Release|Any CPU
		{C832A78A-2EA7-49E7-AB5B-E4E2F53999B5}.Release|Any CPU.Build.0 = Release|Any CPU
		{F3141323-5C0C-49AE-8636-A29F61EFEFE7}.Debug|Any CPU.ActiveCfg = Debug|Any CPU
		{F3141323-5C0C-49AE-8636-A29F61EFEFE7}.Debug|Any CPU.Build.0 = Debug|Any CPU
		{F3141323-5C0C-49AE-8636-A29F61EFEFE7}.Release|Any CPU.ActiveCfg = Release|Any CPU
		{F3141323-5C0C-49AE-8636-A29F61EFEFE7}.Release|Any CPU.Build.0 = Release|Any CPU
	EndGlobalSection
	GlobalSection(SolutionProperties) = preSolution
		HideSolutionNode = FALSE
	EndGlobalSection
	GlobalSection(ExtensibilityGlobals) = postSolution
		SolutionGuid = {23A8ED99-124C-47B4-818B-2B750E70F8E5}
	EndGlobalSection
EndGlobal
